
Microsoft Visual Studio Solution File, Format Version 12.00
# Visual Studio Version 16
VisualStudioVersion = 16.0.30907.101
MinimumVisualStudioVersion = 10.0.40219.1
Project("{FAE04EC0-301F-11D3-BF4B-00C04F79EFBC}") = "WebSocketChat", "WebSocketChat\WebSocketChat.csproj", "{B2067FB9-ACC9-48D4-A76F-A499C53F4890}"
EndProject
Project("{9A19103F-16F7-4668-BE54-9A1E7A4F7556}") = "ChattingHub", "ChattingHub\ChattingHub.csproj", "{99842DC9-4120-4FC4-BE39-BD7577A143F0}"
EndProject
Project("{9A19103F-16F7-4668-BE54-9A1E7A4F7556}") = "Models", "Models\Models.csproj", "{96FF86BC-25D1-4CE0-9ADC-B4652FF068BA}"
EndProject
Global
	GlobalSection(SolutionConfigurationPlatforms) = preSolution
		Debug|Any CPU = Debug|Any CPU
		Release|Any CPU = Release|Any CPU
	EndGlobalSection
	GlobalSection(ProjectConfigurationPlatforms) = postSolution
		{B2067FB9-ACC9-48D4-A76F-A499C53F4890}.Debug|Any CPU.ActiveCfg = Debug|Any CPU
		{B2067FB9-ACC9-48D4-A76F-A499C53F4890}.Debug|Any CPU.Build.0 = Debug|Any CPU
		{B2067FB9-ACC9-48D4-A76F-A499C53F4890}.Release|Any CPU.ActiveCfg = Release|Any CPU
		{B2067FB9-ACC9-48D4-A76F-A499C53F4890}.Release|Any CPU.Build.0 = Release|Any CPU
		{99842DC9-4120-4FC4-BE39-BD7577A143F0}.Debug|Any CPU.ActiveCfg = Debug|Any CPU
		{99842DC9-4120-4FC4-BE39-BD7577A143F0}.Debug|Any CPU.Build.0 = Debug|Any CPU
		{99842DC9-4120-4FC4-BE39-BD7577A143F0}.Release|Any CPU.ActiveCfg = Release|Any CPU
		{99842DC9-4120-4FC4-BE39-BD7577A143F0}.Release|Any CPU.Build.0 = Release|Any CPU
		{96FF86BC-25D1-4CE0-9ADC-B4652FF068BA}.Debug|Any CPU.ActiveCfg = Debug|Any CPU
		{96FF86BC-25D1-4CE0-9ADC-B4652FF068BA}.Debug|Any CPU.Build.0 = Debug|Any CPU
		{96FF86BC-25D1-4CE0-9ADC-B4652FF068BA}.Release|Any CPU.ActiveCfg = Release|Any CPU
		{96FF86BC-25D1-4CE0-9ADC-B4652FF068BA}.Release|Any CPU.Build.0 = Release|Any CPU
	EndGlobalSection
	GlobalSection(SolutionProperties) = preSolution
		HideSolutionNode = FALSE
	EndGlobalSection
	GlobalSection(ExtensibilityGlobals) = postSolution
		SolutionGuid = {FC613679-16A5-45F0-BE9A-11433AA5F74D}
	EndGlobalSection
EndGlobal
